
Microsoft Visual Studio Solution File, Format Version 11.00
# Visual Studio 2010
Project("{2150E333-8FDC-42A3-9474-1A3956D46DE8}") = "Solution Items", "Solution Items", "{414A41D2-9FF0-4282-98E6-72B308485C32}"
	ProjectSection(SolutionItems) = preProject
		README.md = README.md
	EndProjectSection
EndProject
Project("{8BC9CEB8-8B4A-11D0-8D11-00A0C91BC942}") = "calc2d", "proj\calc2d\calc2d.vcxproj", "{51B17ACA-BAC0-408E-8145-B366393F0734}"
	ProjectSection(ProjectDependencies) = postProject
		{F699503B-5691-4ACB-9F1B-FA48C1703D65} = {F699503B-5691-4ACB-9F1B-FA48C1703D65}
		{81764A51-4B0F-4310-ACD1-059BFC9BEDDE} = {81764A51-4B0F-4310-ACD1-059BFC9BEDDE}
		{8879B4A9-91B5-44C4-BC21-CD9737B3D37B} = {8879B4A9-91B5-44C4-BC21-CD9737B3D37B}
	EndProjectSection
EndProject
Project("{2150E333-8FDC-42A3-9474-1A3956D46DE8}") = "plugins", "plugins", "{85415F62-44CE-466F-B067-39A923D60352}"
EndProject
Project("{8BC9CEB8-8B4A-11D0-8D11-00A0C91BC942}") = "C2DPluginSample", "plugins\C2DPluginSample\C2DPluginSample.vcxproj", "{0A32DE24-BE34-4761-B964-B91C941558E5}"
	ProjectSection(ProjectDependencies) = postProject
		{F699503B-5691-4ACB-9F1B-FA48C1703D65} = {F699503B-5691-4ACB-9F1B-FA48C1703D65}
	EndProjectSection
EndProject
Project("{8BC9CEB8-8B4A-11D0-8D11-00A0C91BC942}") = "libcalc2dmethod", "proj\libcalc2dmethod\libcalc2dmethod.vcxproj", "{F699503B-5691-4ACB-9F1B-FA48C1703D65}"
	ProjectSection(ProjectDependencies) = postProject
		{81764A51-4B0F-4310-ACD1-059BFC9BEDDE} = {81764A51-4B0F-4310-ACD1-059BFC9BEDDE}
		{8879B4A9-91B5-44C4-BC21-CD9737B3D37B} = {8879B4A9-91B5-44C4-BC21-CD9737B3D37B}
	EndProjectSection
EndProject
Project("{8BC9CEB8-8B4A-11D0-8D11-00A0C91BC942}") = "libcalc2d", "proj\libcalc2d\libcalc2d.vcxproj", "{81764A51-4B0F-4310-ACD1-059BFC9BEDDE}"
	ProjectSection(ProjectDependencies) = postProject
		{8879B4A9-91B5-44C4-BC21-CD9737B3D37B} = {8879B4A9-91B5-44C4-BC21-CD9737B3D37B}
	EndProjectSection
EndProject
Project("{8BC9CEB8-8B4A-11D0-8D11-00A0C91BC942}") = "calc2dcmd", "proj\calc2dcmd\calc2dcmd.vcxproj", "{D07C7E58-E714-49B2-82B2-5F58102A418C}"
	ProjectSection(ProjectDependencies) = postProject
		{F699503B-5691-4ACB-9F1B-FA48C1703D65} = {F699503B-5691-4ACB-9F1B-FA48C1703D65}
		{81764A51-4B0F-4310-ACD1-059BFC9BEDDE} = {81764A51-4B0F-4310-ACD1-059BFC9BEDDE}
	EndProjectSection
EndProject
Project("{8BC9CEB8-8B4A-11D0-8D11-00A0C91BC942}") = "C2DPluginBasicOperation", "plugins\C2DPluginBasicOperation\C2DPluginBasicOperation.vcxproj", "{1EF4D68C-8CE2-4762-A6AF-1C88CE71F422}"
	ProjectSection(ProjectDependencies) = postProject
		{F699503B-5691-4ACB-9F1B-FA48C1703D65} = {F699503B-5691-4ACB-9F1B-FA48C1703D65}
	EndProjectSection
EndProject
Project("{8BC9CEB8-8B4A-11D0-8D11-00A0C91BC942}") = "libcalc2dserialize", "proj\libcalc2dserialize\libcalc2dserialize.vcxproj", "{8879B4A9-91B5-44C4-BC21-CD9737B3D37B}"
EndProject
Project("{8BC9CEB8-8B4A-11D0-8D11-00A0C91BC942}") = "C2DPluginTest", "tests\C2DPluginTest\C2DPluginTest.vcxproj", "{4F4776E7-0D98-4D45-B4C8-950AC8435DF0}"
	ProjectSection(ProjectDependencies) = postProject
		{F699503B-5691-4ACB-9F1B-FA48C1703D65} = {F699503B-5691-4ACB-9F1B-FA48C1703D65}
		{81764A51-4B0F-4310-ACD1-059BFC9BEDDE} = {81764A51-4B0F-4310-ACD1-059BFC9BEDDE}
		{8879B4A9-91B5-44C4-BC21-CD9737B3D37B} = {8879B4A9-91B5-44C4-BC21-CD9737B3D37B}
	EndProjectSection
EndProject
Project("{2150E333-8FDC-42A3-9474-1A3956D46DE8}") = "tests", "tests", "{EB62A0CA-A7F2-480F-86F0-C27BFECF3F2C}"
EndProject
Global
	GlobalSection(SolutionConfigurationPlatforms) = preSolution
		Debug|Win32 = Debug|Win32
		Debug|x64 = Debug|x64
		Release|Win32 = Release|Win32
		Release|x64 = Release|x64
	EndGlobalSection
	GlobalSection(ProjectConfigurationPlatforms) = postSolution
		{51B17ACA-BAC0-408E-8145-B366393F0734}.Debug|Win32.ActiveCfg = Debug|Win32
		{51B17ACA-BAC0-408E-8145-B366393F0734}.Debug|Win32.Build.0 = Debug|Win32
		{51B17ACA-BAC0-408E-8145-B366393F0734}.Debug|x64.ActiveCfg = Debug|x64
		{51B17ACA-BAC0-408E-8145-B366393F0734}.Debug|x64.Build.0 = Debug|x64
		{51B17ACA-BAC0-408E-8145-B366393F0734}.Release|Win32.ActiveCfg = Release|Win32
		{51B17ACA-BAC0-408E-8145-B366393F0734}.Release|Win32.Build.0 = Release|Win32
		{51B17ACA-BAC0-408E-8145-B366393F0734}.Release|x64.ActiveCfg = Release|x64
		{51B17ACA-BAC0-408E-8145-B366393F0734}.Release|x64.Build.0 = Release|x64
		{0A32DE24-BE34-4761-B964-B91C941558E5}.Debug|Win32.ActiveCfg = Debug|Win32
		{0A32DE24-BE34-4761-B964-B91C941558E5}.Debug|Win32.Build.0 = Debug|Win32
		{0A32DE24-BE34-4761-B964-B91C941558E5}.Debug|x64.ActiveCfg = Debug|x64
		{0A32DE24-BE34-4761-B964-B91C941558E5}.Debug|x64.Build.0 = Debug|x64
		{0A32DE24-BE34-4761-B964-B91C941558E5}.Release|Win32.ActiveCfg = Release|Win32
		{0A32DE24-BE34-4761-B964-B91C941558E5}.Release|Win32.Build.0 = Release|Win32
		{0A32DE24-BE34-4761-B964-B91C941558E5}.Release|x64.ActiveCfg = Release|x64
		{0A32DE24-BE34-4761-B964-B91C941558E5}.Release|x64.Build.0 = Release|x64
		{F699503B-5691-4ACB-9F1B-FA48C1703D65}.Debug|Win32.ActiveCfg = Debug|Win32
		{F699503B-5691-4ACB-9F1B-FA48C1703D65}.Debug|Win32.Build.0 = Debug|Win32
		{F699503B-5691-4ACB-9F1B-FA48C1703D65}.Debug|x64.ActiveCfg = Debug|x64
		{F699503B-5691-4ACB-9F1B-FA48C1703D65}.Debug|x64.Build.0 = Debug|x64
		{F699503B-5691-4ACB-9F1B-FA48C1703D65}.Release|Win32.ActiveCfg = Release|Win32
		{F699503B-5691-4ACB-9F1B-FA48C1703D65}.Release|Win32.Build.0 = Release|Win32
		{F699503B-5691-4ACB-9F1B-FA48C1703D65}.Release|x64.ActiveCfg = Release|x64
		{F699503B-5691-4ACB-9F1B-FA48C1703D65}.Release|x64.Build.0 = Release|x64
		{81764A51-4B0F-4310-ACD1-059BFC9BEDDE}.Debug|Win32.ActiveCfg = Debug|Win32
		{81764A51-4B0F-4310-ACD1-059BFC9BEDDE}.Debug|Win32.Build.0 = Debug|Win32
		{81764A51-4B0F-4310-ACD1-059BFC9BEDDE}.Debug|x64.ActiveCfg = Debug|x64
		{81764A51-4B0F-4310-ACD1-059BFC9BEDDE}.Debug|x64.Build.0 = Debug|x64
		{81764A51-4B0F-4310-ACD1-059BFC9BEDDE}.Release|Win32.ActiveCfg = Release|Win32
		{81764A51-4B0F-4310-ACD1-059BFC9BEDDE}.Release|Win32.Build.0 = Release|Win32
		{81764A51-4B0F-4310-ACD1-059BFC9BEDDE}.Release|x64.ActiveCfg = Release|x64
		{81764A51-4B0F-4310-ACD1-059BFC9BEDDE}.Release|x64.Build.0 = Release|x64
		{D07C7E58-E714-49B2-82B2-5F58102A418C}.Debug|Win32.ActiveCfg = Debug|Win32
		{D07C7E58-E714-49B2-82B2-5F58102A418C}.Debug|Win32.Build.0 = Debug|Win32
		{D07C7E58-E714-49B2-82B2-5F58102A418C}.Debug|x64.ActiveCfg = Debug|x64
		{D07C7E58-E714-49B2-82B2-5F58102A418C}.Debug|x64.Build.0 = Debug|x64
		{D07C7E58-E714-49B2-82B2-5F58102A418C}.Release|Win32.ActiveCfg = Release|Win32
		{D07C7E58-E714-49B2-82B2-5F58102A418C}.Release|Win32.Build.0 = Release|Win32
		{D07C7E58-E714-49B2-82B2-5F58102A418C}.Release|x64.ActiveCfg = Release|x64
		{D07C7E58-E714-49B2-82B2-5F58102A418C}.Release|x64.Build.0 = Release|x64
		{1EF4D68C-8CE2-4762-A6AF-1C88CE71F422}.Debug|Win32.ActiveCfg = Debug|Win32
		{1EF4D68C-8CE2-4762-A6AF-1C88CE71F422}.Debug|Win32.Build.0 = Debug|Win32
		{1EF4D68C-8CE2-4762-A6AF-1C88CE71F422}.Debug|x64.ActiveCfg = Debug|x64
		{1EF4D68C-8CE2-4762-A6AF-1C88CE71F422}.Debug|x64.Build.0 = Debug|x64
		{1EF4D68C-8CE2-4762-A6AF-1C88CE71F422}.Release|Win32.ActiveCfg = Release|Win32
		{1EF4D68C-8CE2-4762-A6AF-1C88CE71F422}.Release|Win32.Build.0 = Release|Win32
		{1EF4D68C-8CE2-4762-A6AF-1C88CE71F422}.Release|x64.ActiveCfg = Release|x64
		{1EF4D68C-8CE2-4762-A6AF-1C88CE71F422}.Release|x64.Build.0 = Release|x64
		{8879B4A9-91B5-44C4-BC21-CD9737B3D37B}.Debug|Win32.ActiveCfg = Debug|Win32
		{8879B4A9-91B5-44C4-BC21-CD9737B3D37B}.Debug|Win32.Build.0 = Debug|Win32
		{8879B4A9-91B5-44C4-BC21-CD9737B3D37B}.Debug|x64.ActiveCfg = Debug|x64
		{8879B4A9-91B5-44C4-BC21-CD9737B3D37B}.Debug|x64.Build.0 = Debug|x64
		{8879B4A9-91B5-44C4-BC21-CD9737B3D37B}.Release|Win32.ActiveCfg = Release|Win32
		{8879B4A9-91B5-44C4-BC21-CD9737B3D37B}.Release|Win32.Build.0 = Release|Win32
		{8879B4A9-91B5-44C4-BC21-CD9737B3D37B}.Release|x64.ActiveCfg = Release|x64
		{8879B4A9-91B5-44C4-BC21-CD9737B3D37B}.Release|x64.Build.0 = Release|x64
		{4F4776E7-0D98-4D45-B4C8-950AC8435DF0}.Debug|Win32.ActiveCfg = Debug|Win32
		{4F4776E7-0D98-4D45-B4C8-950AC8435DF0}.Debug|Win32.Build.0 = Debug|Win32
		{4F4776E7-0D98-4D45-B4C8-950AC8435DF0}.Debug|x64.ActiveCfg = Debug|x64
		{4F4776E7-0D98-4D45-B4C8-950AC8435DF0}.Debug|x64.Build.0 = Debug|x64
		{4F4776E7-0D98-4D45-B4C8-950AC8435DF0}.Release|Win32.ActiveCfg = Release|Win32
		{4F4776E7-0D98-4D45-B4C8-950AC8435DF0}.Release|Win32.Build.0 = Release|Win32
		{4F4776E7-0D98-4D45-B4C8-950AC8435DF0}.Release|x64.ActiveCfg = Release|x64
		{4F4776E7-0D98-4D45-B4C8-950AC8435DF0}.Release|x64.Build.0 = Release|x64
	EndGlobalSection
	GlobalSection(SolutionProperties) = preSolution
		HideSolutionNode = FALSE
	EndGlobalSection
	GlobalSection(NestedProjects) = preSolution
		{0A32DE24-BE34-4761-B964-B91C941558E5} = {85415F62-44CE-466F-B067-39A923D60352}
		{1EF4D68C-8CE2-4762-A6AF-1C88CE71F422} = {85415F62-44CE-466F-B067-39A923D60352}
		{4F4776E7-0D98-4D45-B4C8-950AC8435DF0} = {EB62A0CA-A7F2-480F-86F0-C27BFECF3F2C}
	EndGlobalSection
EndGlobal
